github.com/antlr/antlr4 v0.0.0-20210127041528-be7bc5d81b91 h1:TdusfswSL1/GrSDGiA+AC5c5t76E3o99y1UtGqN6Crw=
github.com/antlr/antlr4 v0.0.0-20210127041528-be7bc5d81b91/go.mod h1:T7PbCXFs94rrTttyxjbyT5+/1V8T2TYDejxUfHJjw1Y=
github.com/antlr/antlr4 v0.0.0-20210127121638-62a0b02bf460 h1:H+x7i3T3L4a3Maec+dtXdGVznFa6qgyXsYVthKB+rk4=
github.com/antlr/antlr4 v0.0.0-20210129115459-e50ecf496158 h1:KIdFp88quyZMjZZzcmBCS/yVbsZjaOPRzge8+YIev1E=
github.com/antlr/antlr4 v0.0.0-20210203043838-a60c32d36933 h1:UzdgdPOvAMo846tU5HL+gSfpoIcCPoo1coz8Xw8BJjA=
